
Microsoft Visual Studio Solution File, Format Version 12.00
# Visual Studio Version 17
VisualStudioVersion = 17.6.33717.318
MinimumVisualStudioVersion = 10.0.40219.1
Project("{9A19103F-16F7-4668-BE54-9A1E7A4F7556}") = "Business", "Business\Business.csproj", "{D8844F26-985B-419F-AA72-992C448CC04A}"
EndProject
Project("{9A19103F-16F7-4668-BE54-9A1E7A4F7556}") = "DataAccess", "DataAccess\DataAccess.csproj", "{1EA2BD27-CCDC-4936-A77D-A36A80420199}"
EndProject
Project("{9A19103F-16F7-4668-BE54-9A1E7A4F7556}") = "Entities", "Entities\Entities.csproj", "{4E6AF9E2-4349-4A5E-B95B-7B02897E1A9D}"
EndProject
Project("{9A19103F-16F7-4668-BE54-9A1E7A4F7556}") = "ConsoleUI", "ConsoleUI\ConsoleUI.csproj", "{ACFE63E3-F3A5-4045-9F4F-4067FA590097}"
EndProject
Project("{FAE04EC0-301F-11D3-BF4B-00C04F79EFBC}") = "ConsoleApp1", "ConsoleApp1\ConsoleApp1.csproj", "{0AF0E632-BB3A-4261-BC8A-DA1BD08D6FAC}"
EndProject
Global
	GlobalSection(SolutionConfigurationPlatforms) = preSolution
		Debug|Any CPU = Debug|Any CPU
		Release|Any CPU = Release|Any CPU
	EndGlobalSection
	GlobalSection(ProjectConfigurationPlatforms) = postSolution
		{D8844F26-985B-419F-AA72-992C448CC04A}.Debug|Any CPU.ActiveCfg = Debug|Any CPU
		{D8844F26-985B-419F-AA72-992C448CC04A}.Debug|Any CPU.Build.0 = Debug|Any CPU
		{D8844F26-985B-419F-AA72-992C448CC04A}.Release|Any CPU.ActiveCfg = Release|Any CPU
		{D8844F26-985B-419F-AA72-992C448CC04A}.Release|Any CPU.Build.0 = Release|Any CPU
		{1EA2BD27-CCDC-4936-A77D-A36A80420199}.Debug|Any CPU.ActiveCfg = Debug|Any CPU
		{1EA2BD27-CCDC-4936-A77D-A36A80420199}.Debug|Any CPU.Build.0 = Debug|Any CPU
		{1EA2BD27-CCDC-4936-A77D-A36A80420199}.Release|Any CPU.ActiveCfg = Release|Any CPU
		{1EA2BD27-CCDC-4936-A77D-A36A80420199}.Release|Any CPU.Build.0 = Release|Any CPU
		{4E6AF9E2-4349-4A5E-B95B-7B02897E1A9D}.Debug|Any CPU.ActiveCfg = Debug|Any CPU
		{4E6AF9E2-4349-4A5E-B95B-7B02897E1A9D}.Debug|Any CPU.Build.0 = Debug|Any CPU
		{4E6AF9E2-4349-4A5E-B95B-7B02897E1A9D}.Release|Any CPU.ActiveCfg = Release|Any CPU
		{4E6AF9E2-4349-4A5E-B95B-7B02897E1A9D}.Release|Any CPU.Build.0 = Release|Any CPU
		{ACFE63E3-F3A5-4045-9F4F-4067FA590097}.Debug|Any CPU.ActiveCfg = Debug|Any CPU
		{ACFE63E3-F3A5-4045-9F4F-4067FA590097}.Debug|Any CPU.Build.0 = Debug|Any CPU
		{ACFE63E3-F3A5-4045-9F4F-4067FA590097}.Release|Any CPU.ActiveCfg = Release|Any CPU
		{ACFE63E3-F3A5-4045-9F4F-4067FA590097}.Release|Any CPU.Build.0 = Release|Any CPU
		{0AF0E632-BB3A-4261-BC8A-DA1BD08D6FAC}.Debug|Any CPU.ActiveCfg = Debug|Any CPU
		{0AF0E632-BB3A-4261-BC8A-DA1BD08D6FAC}.Debug|Any CPU.Build.0 = Debug|Any CPU
		{0AF0E632-BB3A-4261-BC8A-DA1BD08D6FAC}.Release|Any CPU.ActiveCfg = Release|Any CPU
		{0AF0E632-BB3A-4261-BC8A-DA1BD08D6FAC}.Release|Any CPU.Build.0 = Release|Any CPU
	EndGlobalSection
	GlobalSection(SolutionProperties) = preSolution
		HideSolutionNode = FALSE
	EndGlobalSection
	GlobalSection(ExtensibilityGlobals) = postSolution
		SolutionGuid = {820D45DA-833B-4721-A121-002EF208310E}
	EndGlobalSection
EndGlobal
